// !$*UTF8*$!
{
	archiveVersion = 1;
	classes = {
	};
	objectVersion = 50;
	objects = {

/* Begin PBXBuildFile section */
		1A72CAA0966379D748EFC570 /* libPods-mvvmDemoTests.a in Frameworks */ = {isa = PBXBuildFile; fileRef = 36838CC8034F23C226149BD1 /* libPods-mvvmDemoTests.a */; };
		87AED8264D20FA12C01E0531 /* libPods-mvvmDemo-mvvmDemoUITests.a in Frameworks */ = {isa = PBXBuildFile; fileRef = 1FFF05D0D3E612311E0B3366 /* libPods-mvvmDemo-mvvmDemoUITests.a */; };
		C2153CFF23ED3E580071BD0B /* AppDelegate.m in Sources */ = {isa = PBXBuildFile; fileRef = C2153CFE23ED3E580071BD0B /* AppDelegate.m */; };
		C2153D0223ED3E580071BD0B /* SceneDelegate.m in Sources */ = {isa = PBXBuildFile; fileRef = C2153D0123ED3E580071BD0B /* SceneDelegate.m */; };
		C2153D0523ED3E580071BD0B /* ViewController.m in Sources */ = {isa = PBXBuildFile; fileRef = C2153D0423ED3E580071BD0B /* ViewController.m */; };
		C2153D0823ED3E580071BD0B /* Main.storyboard in Resources */ = {isa = PBXBuildFile; fileRef = C2153D0623ED3E580071BD0B /* Main.storyboard */; };
		C2153D0A23ED3E5D0071BD0B /* Assets.xcassets in Resources */ = {isa = PBXBuildFile; fileRef = C2153D0923ED3E5D0071BD0B /* Assets.xcassets */; };
		C2153D0D23ED3E5D0071BD0B /* LaunchScreen.storyboard in Resources */ = {isa = PBXBuildFile; fileRef = C2153D0B23ED3E5D0071BD0B /* LaunchScreen.storyboard */; };
		C2153D1023ED3E5D0071BD0B /* main.m in Sources */ = {isa = PBXBuildFile; fileRef = C2153D0F23ED3E5D0071BD0B /* main.m */; };
		C2153D1A23ED3E5D0071BD0B /* mvvmDemoTests.m in Sources */ = {isa = PBXBuildFile; fileRef = C2153D1923ED3E5D0071BD0B /* mvvmDemoTests.m */; };
		C2153D2523ED3E5D0071BD0B /* mvvmDemoUITests.m in Sources */ = {isa = PBXBuildFile; fileRef = C2153D2423ED3E5D0071BD0B /* mvvmDemoUITests.m */; };
		C2153D3423ED4B240071BD0B /* PersonScoreVM.m in Sources */ = {isa = PBXBuildFile; fileRef = C2153D3323ED4B240071BD0B /* PersonScoreVM.m */; };
		C2311AB623F017D900E06AB4 /* PersonM.m in Sources */ = {isa = PBXBuildFile; fileRef = C2311AB523F017D900E06AB4 /* PersonM.m */; };
		FD8FE054209C7556763D03FE /* libPods-mvvmDemo.a in Frameworks */ = {isa = PBXBuildFile; fileRef = 57E1483AC8ADB6632E9FE4EB /* libPods-mvvmDemo.a */; };
/* End PBXBuildFile section */

/* Begin PBXContainerItemProxy section */
		C2153D1623ED3E5D0071BD0B /* PBXContainerItemProxy */ = {
			isa = PBXContainerItemProxy;
			containerPortal = C2153CF223ED3E570071BD0B /* Project object */;
			proxyType = 1;
			remoteGlobalIDString = C2153CF923ED3E570071BD0B;
			remoteInfo = mvvmDemo;
		};
		C2153D2123ED3E5D0071BD0B /* PBXContainerItemProxy */ = {
			isa = PBXContainerItemProxy;
			containerPortal = C2153CF223ED3E570071BD0B /* Project object */;
			proxyType = 1;
			remoteGlobalIDString = C2153CF923ED3E570071BD0B;
			remoteInfo = mvvmDemo;
		};
/* End PBXContainerItemProxy section */

/* Begin PBXFileReference section */
		1FFF05D0D3E612311E0B3366 /* libPods-mvvmDemo-mvvmDemoUITests.a */ = {isa = PBXFileReference; explicitFileType = archive.ar; includeInIndex = 0; path = "libPods-mvvmDemo-mvvmDemoUITests.a"; sourceTree = BUILT_PRODUCTS_DIR; };
		2CFF63F8F9754336300F3322 /* Pods-mvvmDemo-mvvmDemoUITests.release.xcconfig */ = {isa = PBXFileReference; includeInIndex = 1; lastKnownFileType = text.xcconfig; name = "Pods-mvvmDemo-mvvmDemoUITests.release.xcconfig"; path = "Target Support Files/Pods-mvvmDemo-mvvmDemoUITests/Pods-mvvmDemo-mvvmDemoUITests.release.xcconfig"; sourceTree = "<group>"; };
		36838CC8034F23C226149BD1 /* libPods-mvvmDemoTests.a */ = {isa = PBXFileReference; explicitFileType = archive.ar; includeInIndex = 0; path = "libPods-mvvmDemoTests.a"; sourceTree = BUILT_PRODUCTS_DIR; };
		533BB845A4A75F9FA0B3C5CF /* Pods-mvvmDemo-mvvmDemoUITests.debug.xcconfig */ = {isa = PBXFileReference; includeInIndex = 1; lastKnownFileType = text.xcconfig; name = "Pods-mvvmDemo-mvvmDemoUITests.debug.xcconfig"; path = "Target Support Files/Pods-mvvmDemo-mvvmDemoUITests/Pods-mvvmDemo-mvvmDemoUITests.debug.xcconfig"; sourceTree = "<group>"; };
		57E1483AC8ADB6632E9FE4EB /* libPods-mvvmDemo.a */ = {isa = PBXFileReference; explicitFileType = archive.ar; includeInIndex = 0; path = "libPods-mvvmDemo.a"; sourceTree = BUILT_PRODUCTS_DIR; };
		88886A56EE1C4D5B3155F28A /* Pods-mvvmDemoTests.debug.xcconfig */ = {isa = PBXFileReference; includeInIndex = 1; lastKnownFileType = text.xcconfig; name = "Pods-mvvmDemoTests.debug.xcconfig"; path = "Target Support Files/Pods-mvvmDemoTests/Pods-mvvmDemoTests.debug.xcconfig"; sourceTree = "<group>"; };
		924FF92F52D4AB33D89DF7A5 /* Pods-mvvmDemoTests.release.xcconfig */ = {isa = PBXFileReference; includeInIndex = 1; lastKnownFileType = text.xcconfig; name = "Pods-mvvmDemoTests.release.xcconfig"; path = "Target Support Files/Pods-mvvmDemoTests/Pods-mvvmDemoTests.release.xcconfig"; sourceTree = "<group>"; };
		B19D9F45D6079ACA11D6F9CE /* Pods-mvvmDemo.release.xcconfig */ = {isa = PBXFileReference; includeInIndex = 1; lastKnownFileType = text.xcconfig; name = "Pods-mvvmDemo.release.xcconfig"; path = "Target Support Files/Pods-mvvmDemo/Pods-mvvmDemo.release.xcconfig"; sourceTree = "<group>"; };
		BDFB930680ED6612F78E7E19 /* Pods-mvvmDemo.debug.xcconfig */ = {isa = PBXFileReference; includeInIndex = 1; lastKnownFileType = text.xcconfig; name = "Pods-mvvmDemo.debug.xcconfig"; path = "Target Support Files/Pods-mvvmDemo/Pods-mvvmDemo.debug.xcconfig"; sourceTree = "<group>"; };
		C2153CFA23ED3E570071BD0B /* mvvmDemo.app */ = {isa = PBXFileReference; explicitFileType = wrapper.application; includeInIndex = 0; path = mvvmDemo.app; sourceTree = BUILT_PRODUCTS_DIR; };
		C2153CFD23ED3E570071BD0B /* AppDelegate.h */ = {isa = PBXFileReference; lastKnownFileType = sourcecode.c.h; path = AppDelegate.h; sourceTree = "<group>"; };
		C2153CFE23ED3E580071BD0B /* AppDelegate.m */ = {isa = PBXFileReference; lastKnownFileType = sourcecode.c.objc; path = AppDelegate.m; sourceTree = "<group>"; };
		C2153D0023ED3E580071BD0B /* SceneDelegate.h */ = {isa = PBXFileReference; lastKnownFileType = sourcecode.c.h; path = SceneDelegate.h; sourceTree = "<group>"; };
		C2153D0123ED3E580071BD0B /* SceneDelegate.m */ = {isa = PBXFileReference; lastKnownFileType = sourcecode.c.objc; path = SceneDelegate.m; sourceTree = "<group>"; };
		C2153D0323ED3E580071BD0B /* ViewController.h */ = {isa = PBXFileReference; lastKnownFileType = sourcecode.c.h; path = ViewController.h; sourceTree = "<group>"; };
		C2153D0423ED3E580071BD0B /* ViewController.m */ = {isa = PBXFileReference; lastKnownFileType = sourcecode.c.objc; path = ViewController.m; sourceTree = "<group>"; };
		C2153D0723ED3E580071BD0B /* Base */ = {isa = PBXFileReference; lastKnownFileType = file.storyboard; name = Base; path = Base.lproj/Main.storyboard; sourceTree = "<group>"; };
		C2153D0923ED3E5D0071BD0B /* Assets.xcassets */ = {isa = PBXFileReference; lastKnownFileType = folder.assetcatalog; path = Assets.xcassets; sourceTree = "<group>"; };
		C2153D0C23ED3E5D0071BD0B /* Base */ = {isa = PBXFileReference; lastKnownFileType = file.storyboard; name = Base; path = Base.lproj/LaunchScreen.storyboard; sourceTree = "<group>"; };
		C2153D0E23ED3E5D0071BD0B /* Info.plist */ = {isa = PBXFileReference; lastKnownFileType = text.plist.xml; path = Info.plist; sourceTree = "<group>"; };
		C2153D0F23ED3E5D0071BD0B /* main.m */ = {isa = PBXFileReference; lastKnownFileType = sourcecode.c.objc; path = main.m; sourceTree = "<group>"; };
		C2153D1523ED3E5D0071BD0B /* mvvmDemoTests.xctest */ = {isa = PBXFileReference; explicitFileType = wrapper.cfbundle; includeInIndex = 0; path = mvvmDemoTests.xctest; sourceTree = BUILT_PRODUCTS_DIR; };
		C2153D1923ED3E5D0071BD0B /* mvvmDemoTests.m */ = {isa = PBXFileReference; lastKnownFileType = sourcecode.c.objc; path = mvvmDemoTests.m; sourceTree = "<group>"; };
		C2153D1B23ED3E5D0071BD0B /* Info.plist */ = {isa = PBXFileReference; lastKnownFileType = text.plist.xml; path = Info.plist; sourceTree = "<group>"; };
		C2153D2023ED3E5D0071BD0B /* mvvmDemoUITests.xctest */ = {isa = PBXFileReference; explicitFileType = wrapper.cfbundle; includeInIndex = 0; path = mvvmDemoUITests.xctest; sourceTree = BUILT_PRODUCTS_DIR; };
		C2153D2423ED3E5D0071BD0B /* mvvmDemoUITests.m */ = {isa = PBXFileReference; lastKnownFileType = sourcecode.c.objc; path = mvvmDemoUITests.m; sourceTree = "<group>"; };
		C2153D2623ED3E5D0071BD0B /* Info.plist */ = {isa = PBXFileReference; lastKnownFileType = text.plist.xml; path = Info.plist; sourceTree = "<group>"; };
		C2153D3223ED4B240071BD0B /* PersonScoreVM.h */ = {isa = PBXFileReference; lastKnownFileType = sourcecode.c.h; path = PersonScoreVM.h; sourceTree = "<group>"; };
		C2153D3323ED4B240071BD0B /* PersonScoreVM.m */ = {isa = PBXFileReference; lastKnownFileType = sourcecode.c.objc; path = PersonScoreVM.m; sourceTree = "<group>"; };
		C2311AB423F017D900E06AB4 /* PersonM.h */ = {isa = PBXFileReference; lastKnownFileType = sourcecode.c.h; path = PersonM.h; sourceTree = "<group>"; };
		C2311AB523F017D900E06AB4 /* PersonM.m */ = {isa = PBXFileReference; lastKnownFileType = sourcecode.c.objc; path = PersonM.m; sourceTree = "<group>"; };
/* End PBXFileReference section */

/* Begin PBXFrameworksBuildPhase section */
		C2153CF723ED3E570071BD0B /* Frameworks */ = {
			isa = PBXFrameworksBuildPhase;
			buildActionMask = 2147483647;
			files = (
				FD8FE054209C7556763D03FE /* libPods-mvvmDemo.a in Frameworks */,
			);
			runOnlyForDeploymentPostprocessing = 0;
		};
		C2153D1223ED3E5D0071BD0B /* Frameworks */ = {
			isa = PBXFrameworksBuildPhase;
			buildActionMask = 2147483647;
			files = (
				1A72CAA0966379D748EFC570 /* libPods-mvvmDemoTests.a in Frameworks */,
			);
			runOnlyForDeploymentPostprocessing = 0;
		};
		C2153D1D23ED3E5D0071BD0B /* Frameworks */ = {
			isa = PBXFrameworksBuildPhase;
			buildActionMask = 2147483647;
			files = (
				87AED8264D20FA12C01E0531 /* libPods-mvvmDemo-mvvmDemoUITests.a in Frameworks */,
			);
			runOnlyForDeploymentPostprocessing = 0;
		};
/* End PBXFrameworksBuildPhase section */

/* Begin PBXGroup section */
		68DCBE912D97AA1CC4028A1F /* Frameworks */ = {
			isa = PBXGroup;
			children = (
				57E1483AC8ADB6632E9FE4EB /* libPods-mvvmDemo.a */,
				1FFF05D0D3E612311E0B3366 /* libPods-mvvmDemo-mvvmDemoUITests.a */,
				36838CC8034F23C226149BD1 /* libPods-mvvmDemoTests.a */,
			);
			name = Frameworks;
			sourceTree = "<group>";
		};
		C2153CF123ED3E570071BD0B = {
			isa = PBXGroup;
			children = (
				C2153CFC23ED3E570071BD0B /* mvvmDemo */,
				C2153D1823ED3E5D0071BD0B /* mvvmDemoTests */,
				C2153D2323ED3E5D0071BD0B /* mvvmDemoUITests */,
				C2153CFB23ED3E570071BD0B /* Products */,
				E47747E0A4D641A1D301C6E4 /* Pods */,
				68DCBE912D97AA1CC4028A1F /* Frameworks */,
			);
			sourceTree = "<group>";
		};
		C2153CFB23ED3E570071BD0B /* Products */ = {
			isa = PBXGroup;
			children = (
				C2153CFA23ED3E570071BD0B /* mvvmDemo.app */,
				C2153D1523ED3E5D0071BD0B /* mvvmDemoTests.xctest */,
				C2153D2023ED3E5D0071BD0B /* mvvmDemoUITests.xctest */,
			);
			name = Products;
			sourceTree = "<group>";
		};
		C2153CFC23ED3E570071BD0B /* mvvmDemo */ = {
			isa = PBXGroup;
			children = (
				C2153CFD23ED3E570071BD0B /* AppDelegate.h */,
				C2153CFE23ED3E580071BD0B /* AppDelegate.m */,
				C2153D0023ED3E580071BD0B /* SceneDelegate.h */,
				C2153D0123ED3E580071BD0B /* SceneDelegate.m */,
				C2153D0323ED3E580071BD0B /* ViewController.h */,
				C2153D0423ED3E580071BD0B /* ViewController.m */,
				C2153D3223ED4B240071BD0B /* PersonScoreVM.h */,
				C2153D3323ED4B240071BD0B /* PersonScoreVM.m */,
				C2311AB423F017D900E06AB4 /* PersonM.h */,
				C2311AB523F017D900E06AB4 /* PersonM.m */,
				C2153D0623ED3E580071BD0B /* Main.storyboard */,
				C2153D0923ED3E5D0071BD0B /* Assets.xcassets */,
				C2153D0B23ED3E5D0071BD0B /* LaunchScreen.storyboard */,
				C2153D0E23ED3E5D0071BD0B /* Info.plist */,
				C2153D0F23ED3E5D0071BD0B /* main.m */,
			);
			path = mvvmDemo;
			sourceTree = "<group>";
		};
		C2153D1823ED3E5D0071BD0B /* mvvmDemoTests */ = {
			isa = PBXGroup;
			children = (
				C2153D1923ED3E5D0071BD0B /* mvvmDemoTests.m */,
				C2153D1B23ED3E5D0071BD0B /* Info.plist */,
			);
			path = mvvmDemoTests;
			sourceTree = "<group>";
		};
		C2153D2323ED3E5D0071BD0B /* mvvmDemoUITests */ = {
			isa = PBXGroup;
			children = (
				C2153D2423ED3E5D0071BD0B /* mvvmDemoUITests.m */,
				C2153D2623ED3E5D0071BD0B /* Info.plist */,
			);
			path = mvvmDemoUITests;
			sourceTree = "<group>";
		};
		E47747E0A4D641A1D301C6E4 /* Pods */ = {
			isa = PBXGroup;
			children = (
				BDFB930680ED6612F78E7E19 /* Pods-mvvmDemo.debug.xcconfig */,
				B19D9F45D6079ACA11D6F9CE /* Pods-mvvmDemo.release.xcconfig */,
				533BB845A4A75F9FA0B3C5CF /* Pods-mvvmDemo-mvvmDemoUITests.debug.xcconfig */,
				2CFF63F8F9754336300F3322 /* Pods-mvvmDemo-mvvmDemoUITests.release.xcconfig */,
				88886A56EE1C4D5B3155F28A /* Pods-mvvmDemoTests.debug.xcconfig */,
				924FF92F52D4AB33D89DF7A5 /* Pods-mvvmDemoTests.release.xcconfig */,
			);
			path = Pods;
			sourceTree = "<group>";
		};
/* End PBXGroup section */

/* Begin PBXNativeTarget section */
		C2153CF923ED3E570071BD0B /* mvvmDemo */ = {
			isa = PBXNativeTarget;
			buildConfigurationList = C2153D2923ED3E5D0071BD0B /* Build configuration list for PBXNativeTarget "mvvmDemo" */;
			buildPhases = (
				2DB4F0134644875689683C5F /* [CP] Check Pods Manifest.lock */,
				C2153CF623ED3E570071BD0B /* Sources */,
				C2153CF723ED3E570071BD0B /* Frameworks */,
				C2153CF823ED3E570071BD0B /* Resources */,
			);
			buildRules = (
			);
			dependencies = (
			);
			name = mvvmDemo;
			productName = mvvmDemo;
			productReference = C2153CFA23ED3E570071BD0B /* mvvmDemo.app */;
			productType = "com.apple.product-type.application";
		};
		C2153D1423ED3E5D0071BD0B /* mvvmDemoTests */ = {
			isa = PBXNativeTarget;
			buildConfigurationList = C2153D2C23ED3E5D0071BD0B /* Build configuration list for PBXNativeTarget "mvvmDemoTests" */;
			buildPhases = (
				F1C6684F37E556A00B434D27 /* [CP] Check Pods Manifest.lock */,
				C2153D1123ED3E5D0071BD0B /* Sources */,
				C2153D1223ED3E5D0071BD0B /* Frameworks */,
				C2153D1323ED3E5D0071BD0B /* Resources */,
			);
			buildRules = (
			);
			dependencies = (
				C2153D1723ED3E5D0071BD0B /* PBXTargetDependency */,
			);
			name = mvvmDemoTests;
			productName = mvvmDemoTests;
			productReference = C2153D1523ED3E5D0071BD0B /* mvvmDemoTests.xctest */;
			productType = "com.apple.product-type.bundle.unit-test";
		};
		C2153D1F23ED3E5D0071BD0B /* mvvmDemoUITests */ = {
			isa = PBXNativeTarget;
			buildConfigurationList = C2153D2F23ED3E5D0071BD0B /* Build configuration list for PBXNativeTarget "mvvmDemoUITests" */;
			buildPhases = (
				A92B9435E5870D0283313772 /* [CP] Check Pods Manifest.lock */,
				C2153D1C23ED3E5D0071BD0B /* Sources */,
				C2153D1D23ED3E5D0071BD0B /* Frameworks */,
				C2153D1E23ED3E5D0071BD0B /* Resources */,
			);
			buildRules = (
			);
			dependencies = (
				C2153D2223ED3E5D0071BD0B /* PBXTargetDependency */,
			);
			name = mvvmDemoUITests;
			productName = mvvmDemoUITests;
			productReference = C2153D2023ED3E5D0071BD0B /* mvvmDemoUITests.xctest */;
			productType = "com.apple.product-type.bundle.ui-testing";
		};
/* End PBXNativeTarget section */

/* Begin PBXProject section */
		C2153CF223ED3E570071BD0B /* Project object */ = {
			isa = PBXProject;
			attributes = {
				LastUpgradeCheck = 1110;
				ORGANIZATIONNAME = huatu;
				TargetAttributes = {
					C2153CF923ED3E570071BD0B = {
						CreatedOnToolsVersion = 11.1;
					};
					C2153D1423ED3E5D0071BD0B = {
						CreatedOnToolsVersion = 11.1;
						TestTargetID = C2153CF923ED3E570071BD0B;
					};
					C2153D1F23ED3E5D0071BD0B = {
						CreatedOnToolsVersion = 11.1;
						TestTargetID = C2153CF923ED3E570071BD0B;
					};
				};
			};
			buildConfigurationList = C2153CF523ED3E570071BD0B /* Build configuration list for PBXProject "mvvmDemo" */;
			compatibilityVersion = "Xcode 9.3";
			developmentRegion = en;
			hasScannedForEncodings = 0;
			knownRegions = (
				en,
				Base,
			);
			mainGroup = C2153CF123ED3E570071BD0B;
			productRefGroup = C2153CFB23ED3E570071BD0B /* Products */;
			projectDirPath = "";
			projectRoot = "";
			targets = (
				C2153CF923ED3E570071BD0B /* mvvmDemo */,
				C2153D1423ED3E5D0071BD0B /* mvvmDemoTests */,
				C2153D1F23ED3E5D0071BD0B /* mvvmDemoUITests */,
			);
		};
/* End PBXProject section */

/* Begin PBXResourcesBuildPhase section */
		C2153CF823ED3E570071BD0B /* Resources */ = {
			isa = PBXResourcesBuildPhase;
			buildActionMask = 2147483647;
			files = (
				C2153D0D23ED3E5D0071BD0B /* LaunchScreen.storyboard in Resources */,
				C2153D0A23ED3E5D0071BD0B /* Assets.xcassets in Resources */,
				C2153D0823ED3E580071BD0B /* Main.storyboard in Resources */,
			);
			runOnlyForDeploymentPostprocessing = 0;
		};
		C2153D1323ED3E5D0071BD0B /* Resources */ = {
			isa = PBXResourcesBuildPhase;
			buildActionMask = 2147483647;
			files = (
			);
			runOnlyForDeploymentPostprocessing = 0;
		};
		C2153D1E23ED3E5D0071BD0B /* Resources */ = {
			isa = PBXResourcesBuildPhase;
			buildActionMask = 2147483647;
			files = (
			);
			runOnlyForDeploymentPostprocessing = 0;
		};
/* End PBXResourcesBuildPhase section */

/* Begin PBXShellScriptBuildPhase section */
		2DB4F0134644875689683C5F /* [CP] Check Pods Manifest.lock */ = {
			isa = PBXShellScriptBuildPhase;
			buildActionMask = 2147483647;
			files = (
			);
			inputFileListPaths = (
			);
			inputPaths = (
				"${PODS_PODFILE_DIR_PATH}/Podfile.lock",
				"${PODS_ROOT}/Manifest.lock",
			);
			name = "[CP] Check Pods Manifest.lock";
			outputFileListPaths = (
			);
			outputPaths = (
				"$(DERIVED_FILE_DIR)/Pods-mvvmDemo-checkManifestLockResult.txt",
			);
			runOnlyForDeploymentPostprocessing = 0;
			shellPath = /bin/sh;
			shellScript = "diff \"${PODS_PODFILE_DIR_PATH}/Podfile.lock\" \"${PODS_ROOT}/Manifest.lock\" > /dev/null\nif [ $? != 0 ] ; then\n    # print error to STDERR\n    echo \"error: The sandbox is not in sync with the Podfile.lock. Run 'pod install' or update your CocoaPods installation.\" >&2\n    exit 1\nfi\n# This output is used by Xcode 'outputs' to avoid re-running this script phase.\necho \"SUCCESS\" > \"${SCRIPT_OUTPUT_FILE_0}\"\n";
			showEnvVarsInLog = 0;
		};
		A92B9435E5870D0283313772 /* [CP] Check Pods Manifest.lock */ = {
			isa = PBXShellScriptBuildPhase;
			buildActionMask = 2147483647;
			files = (
			);
			inputFileListPaths = (
			);
			inputPaths = (
				"${PODS_PODFILE_DIR_PATH}/Podfile.lock",
				"${PODS_ROOT}/Manifest.lock",
			);
			name = "[CP] Check Pods Manifest.lock";
			outputFileListPaths = (
			);
			outputPaths = (
				"$(DERIVED_FILE_DIR)/Pods-mvvmDemo-mvvmDemoUITests-checkManifestLockResult.txt",
			);
			runOnlyForDeploymentPostprocessing = 0;
			shellPath = /bin/sh;
			shellScript = "diff \"${PODS_PODFILE_DIR_PATH}/Podfile.lock\" \"${PODS_ROOT}/Manifest.lock\" > /dev/null\nif [ $? != 0 ] ; then\n    # print error to STDERR\n    echo \"error: The sandbox is not in sync with the Podfile.lock. Run 'pod install' or update your CocoaPods installation.\" >&2\n    exit 1\nfi\n# This output is used by Xcode 'outputs' to avoid re-running this script phase.\necho \"SUCCESS\" > \"${SCRIPT_OUTPUT_FILE_0}\"\n";
			showEnvVarsInLog = 0;
		};
		F1C6684F37E556A00B434D27 /* [CP] Check Pods Manifest.lock */ = {
			isa = PBXShellScriptBuildPhase;
			buildActionMask = 2147483647;
			files = (
			);
			inputFileListPaths = (
			);
			inputPaths = (
				"${PODS_PODFILE_DIR_PATH}/Podfile.lock",
				"${PODS_ROOT}/Manifest.lock",
			);
			name = "[CP] Check Pods Manifest.lock";
			outputFileListPaths = (
			);
			outputPaths = (
				"$(DERIVED_FILE_DIR)/Pods-mvvmDemoTests-checkManifestLockResult.txt",
			);
			runOnlyForDeploymentPostprocessing = 0;
			shellPath = /bin/sh;
			shellScript = "diff \"${PODS_PODFILE_DIR_PATH}/Podfile.lock\" \"${PODS_ROOT}/Manifest.lock\" > /dev/null\nif [ $? != 0 ] ; then\n    # print error to STDERR\n    echo \"error: The sandbox is not in sync with the Podfile.lock. Run 'pod install' or update your CocoaPods installation.\" >&2\n    exit 1\nfi\n# This output is used by Xcode 'outputs' to avoid re-running this script phase.\necho \"SUCCESS\" > \"${SCRIPT_OUTPUT_FILE_0}\"\n";
			showEnvVarsInLog = 0;
		};
/* End PBXShellScriptBuildPhase section */

/* Begin PBXSourcesBuildPhase section */
		C2153CF623ED3E570071BD0B /* Sources */ = {
			isa = PBXSourcesBuildPhase;
			buildActionMask = 2147483647;
			files = (
				C2311AB623F017D900E06AB4 /* PersonM.m in Sources */,
				C2153D0523ED3E580071BD0B /* ViewController.m in Sources */,
				C2153CFF23ED3E580071BD0B /* AppDelegate.m in Sources */,
				C2153D1023ED3E5D0071BD0B /* main.m in Sources */,
				C2153D0223ED3E580071BD0B /* SceneDelegate.m in Sources */,
				C2153D3423ED4B240071BD0B /* PersonScoreVM.m in Sources */,
			);
			runOnlyForDeploymentPostprocessing = 0;
		};
		C2153D1123ED3E5D0071BD0B /* Sources */ = {
			isa = PBXSourcesBuildPhase;
			buildActionMask = 2147483647;
			files = (
				C2153D1A23ED3E5D0071BD0B /* mvvmDemoTests.m in Sources */,
			);
			runOnlyForDeploymentPostprocessing = 0;
		};
		C2153D1C23ED3E5D0071BD0B /* Sources */ = {
			isa = PBXSourcesBuildPhase;
			buildActionMask = 2147483647;
			files = (
				C2153D2523ED3E5D0071BD0B /* mvvmDemoUITests.m in Sources */,
			);
			runOnlyForDeploymentPostprocessing = 0;
		};
/* End PBXSourcesBuildPhase section */

/* Begin PBXTargetDependency section */
		C2153D1723ED3E5D0071BD0B /* PBXTargetDependency */ = {
			isa = PBXTargetDependency;
			target = C2153CF923ED3E570071BD0B /* mvvmDemo */;
			targetProxy = C2153D1623ED3E5D0071BD0B /* PBXContainerItemProxy */;
		};
		C2153D2223ED3E5D0071BD0B /* PBXTargetDependency */ = {
			isa = PBXTargetDependency;
			target = C2153CF923ED3E570071BD0B /* mvvmDemo */;
			targetProxy = C2153D2123ED3E5D0071BD0B /* PBXContainerItemProxy */;
		};
/* End PBXTargetDependency section */

/* Begin PBXVariantGroup section */
		C2153D0623ED3E580071BD0B /* Main.storyboard */ = {
			isa = PBXVariantGroup;
			children = (
				C2153D0723ED3E580071BD0B /* Base */,
			);
			name = Main.storyboard;
			sourceTree = "<group>";
		};
		C2153D0B23ED3E5D0071BD0B /* LaunchScreen.storyboard */ = {
			isa = PBXVariantGroup;
			children = (
				C2153D0C23ED3E5D0071BD0B /* Base */,
			);
			name = LaunchScreen.storyboard;
			sourceTree = "<group>";
		};
/* End PBXVariantGroup section */

/* Begin XCBuildConfiguration section */
		C2153D2723ED3E5D0071BD0B /* Debug */ = {
			isa = XCBuildConfiguration;
			buildSettings = {
				ALWAYS_SEARCH_USER_PATHS = NO;
				CLANG_ANALYZER_NONNULL = YES;
				CLANG_ANALYZER_NUMBER_OBJECT_CONVERSION = YES_AGGRESSIVE;
				CLANG_CXX_LANGUAGE_STANDARD = "gnu++14";
				CLANG_CXX_LIBRARY = "libc++";
				CLANG_ENABLE_MODULES = YES;
				CLANG_ENABLE_OBJC_ARC = YES;
				CLANG_ENABLE_OBJC_WEAK = YES;
				CLANG_WARN_BLOCK_CAPTURE_AUTORELEASING = YES;
				CLANG_WARN_BOOL_CONVERSION = YES;
				CLANG_WARN_COMMA = YES;
				CLANG_WARN_CONSTANT_CONVERSION = YES;
				CLANG_WARN_DEPRECATED_OBJC_IMPLEMENTATIONS = YES;
				CLANG_WARN_DIRECT_OBJC_ISA_USAGE = YES_ERROR;
				CLANG_WARN_DOCUMENTATION_COMMENTS = YES;
				CLANG_WARN_EMPTY_BODY = YES;
				CLANG_WARN_ENUM_CONVERSION = YES;
				CLANG_WARN_INFINITE_RECURSION = YES;
				CLANG_WARN_INT_CONVERSION = YES;
				CLANG_WARN_NON_LITERAL_NULL_CONVERSION = YES;
				CLANG_WARN_OBJC_IMPLICIT_RETAIN_SELF = YES;
				CLANG_WARN_OBJC_LITERAL_CONVERSION = YES;
				CLANG_WARN_OBJC_ROOT_CLASS = YES_ERROR;
				CLANG_WARN_RANGE_LOOP_ANALYSIS = YES;
				CLANG_WARN_STRICT_PROTOTYPES = YES;
				CLANG_WARN_SUSPICIOUS_MOVE = YES;
				CLANG_WARN_UNGUARDED_AVAILABILITY = YES_AGGRESSIVE;
				CLANG_WARN_UNREACHABLE_CODE = YES;
				CLANG_WARN__DUPLICATE_METHOD_MATCH = YES;
				COPY_PHASE_STRIP = NO;
				DEBUG_INFORMATION_FORMAT = dwarf;
				ENABLE_STRICT_OBJC_MSGSEND = YES;
				ENABLE_TESTABILITY = YES;
				GCC_C_LANGUAGE_STANDARD = gnu11;
				GCC_DYNAMIC_NO_PIC = NO;
				GCC_NO_COMMON_BLOCKS = YES;
				GCC_OPTIMIZATION_LEVEL = 0;
				GCC_PREPROCESSOR_DEFINITIONS = (
					"DEBUG=1",
					"$(inherited)",
				);
				GCC_WARN_64_TO_32_BIT_CONVERSION = YES;
				GCC_WARN_ABOUT_RETURN_TYPE = YES_ERROR;
				GCC_WARN_UNDECLARED_SELECTOR = YES;
				GCC_WARN_UNINITIALIZED_AUTOS = YES_AGGRESSIVE;
				GCC_WARN_UNUSED_FUNCTION = YES;
				GCC_WARN_UNUSED_VARIABLE = YES;
				IPHONEOS_DEPLOYMENT_TARGET = 13.1;
				MTL_ENABLE_DEBUG_INFO = INCLUDE_SOURCE;
				MTL_FAST_MATH = YES;
				ONLY_ACTIVE_ARCH = YES;
				SDKROOT = iphoneos;
			};
			name = Debug;
		};
		C2153D2823ED3E5D0071BD0B /* Release */ = {
			isa = XCBuildConfiguration;
			buildSettings = {
				ALWAYS_SEARCH_USER_PATHS = NO;
				CLANG_ANALYZER_NONNULL = YES;
				CLANG_ANALYZER_NUMBER_OBJECT_CONVERSION = YES_AGGRESSIVE;
				CLANG_CXX_LANGUAGE_STANDARD = "gnu++14";
				CLANG_CXX_LIBRARY = "libc++";
				CLANG_ENABLE_MODULES = YES;
				CLANG_ENABLE_OBJC_ARC = YES;
				CLANG_ENABLE_OBJC_WEAK = YES;
				CLANG_WARN_BLOCK_CAPTURE_AUTORELEASING = YES;
				CLANG_WARN_BOOL_CONVERSION = YES;
				CLANG_WARN_COMMA = YES;
				CLANG_WARN_CONSTANT_CONVERSION = YES;
				CLANG_WARN_DEPRECATED_OBJC_IMPLEMENTATIONS = YES;
				CLANG_WARN_DIRECT_OBJC_ISA_USAGE = YES_ERROR;
				CLANG_WARN_DOCUMENTATION_COMMENTS = YES;
				CLANG_WARN_EMPTY_BODY = YES;
				CLANG_WARN_ENUM_CONVERSION = YES;
				CLANG_WARN_INFINITE_RECURSION = YES;
				CLANG_WARN_INT_CONVERSION = YES;
				CLANG_WARN_NON_LITERAL_NULL_CONVERSION = YES;
				CLANG_WARN_OBJC_IMPLICIT_RETAIN_SELF = YES;
				CLANG_WARN_OBJC_LITERAL_CONVERSION = YES;
				CLANG_WARN_OBJC_ROOT_CLASS = YES_ERROR;
				CLANG_WARN_RANGE_LOOP_ANALYSIS = YES;
				CLANG_WARN_STRICT_PROTOTYPES = YES;
				CLANG_WARN_SUSPICIOUS_MOVE = YES;
				CLANG_WARN_UNGUARDED_AVAILABILITY = YES_AGGRESSIVE;
				CLANG_WARN_UNREACHABLE_CODE = YES;
				CLANG_WARN__DUPLICATE_METHOD_MATCH = YES;
				COPY_PHASE_STRIP = NO;
				DEBUG_INFORMATION_FORMAT = "dwarf-with-dsym";
				ENABLE_NS_ASSERTIONS = NO;
				ENABLE_STRICT_OBJC_MSGSEND = YES;
				GCC_C_LANGUAGE_STANDARD = gnu11;
				GCC_NO_COMMON_BLOCKS = YES;
				GCC_WARN_64_TO_32_BIT_CONVERSION = YES;
				GCC_WARN_ABOUT_RETURN_TYPE = YES_ERROR;
				GCC_WARN_UNDECLARED_SELECTOR = YES;
				GCC_WARN_UNINITIALIZED_AUTOS = YES_AGGRESSIVE;
				GCC_WARN_UNUSED_FUNCTION = YES;
				GCC_WARN_UNUSED_VARIABLE = YES;
				IPHONEOS_DEPLOYMENT_TARGET = 13.1;
				MTL_ENABLE_DEBUG_INFO = NO;
				MTL_FAST_MATH = YES;
				SDKROOT = iphoneos;
				VALIDATE_PRODUCT = YES;
			};
			name = Release;
		};
		C2153D2A23ED3E5D0071BD0B /* Debug */ = {
			isa = XCBuildConfiguration;
			baseConfigurationReference = BDFB930680ED6612F78E7E19 /* Pods-mvvmDemo.debug.xcconfig */;
			buildSettings = {
				ASSETCATALOG_COMPILER_APPICON_NAME = AppIcon;
				CODE_SIGN_STYLE = Automatic;
				DEVELOPMENT_TEAM = PTUCTZC4VF;
				INFOPLIST_FILE = mvvmDemo/Info.plist;
				IPHONEOS_DEPLOYMENT_TARGET = 13.0;
				LD_RUNPATH_SEARCH_PATHS = (
					"$(inherited)",
					"@executable_path/Frameworks",
				);
				PRODUCT_BUNDLE_IDENTIFIER = ht.mvvmDemo;
				PRODUCT_NAME = "$(TARGET_NAME)";
				TARGETED_DEVICE_FAMILY = 1;
			};
			name = Debug;
		};
		C2153D2B23ED3E5D0071BD0B /* Release */ = {
			isa = XCBuildConfiguration;
			baseConfigurationReference = B19D9F45D6079ACA11D6F9CE /* Pods-mvvmDemo.release.xcconfig */;
			buildSettings = {
				ASSETCATALOG_COMPILER_APPICON_NAME = AppIcon;
				CODE_SIGN_STYLE = Automatic;
				DEVELOPMENT_TEAM = PTUCTZC4VF;
				INFOPLIST_FILE = mvvmDemo/Info.plist;
				IPHONEOS_DEPLOYMENT_TARGET = 13.0;
				LD_RUNPATH_SEARCH_PATHS = (
					"$(inherited)",
					"@executable_path/Frameworks",
				);
				PRODUCT_BUNDLE_IDENTIFIER = ht.mvvmDemo;
				PRODUCT_NAME = "$(TARGET_NAME)";
				TARGETED_DEVICE_FAMILY = 1;
			};
			name = Release;
		};
		C2153D2D23ED3E5D0071BD0B /* Debug */ = {
			isa = XCBuildConfiguration;
			baseConfigurationReference = 88886A56EE1C4D5B3155F28A /* Pods-mvvmDemoTests.debug.xcconfig */;
			buildSettings = {
				BUNDLE_LOADER = "$(TEST_HOST)";
				CODE_SIGN_STYLE = Automatic;
				DEVELOPMENT_TEAM = PTUCTZC4VF;
				INFOPLIST_FILE = mvvmDemoTests/Info.plist;
				IPHONEOS_DEPLOYMENT_TARGET = 13.1;
				LD_RUNPATH_SEARCH_PATHS = (
					"$(inherited)",
					"@executable_path/Frameworks",
					"@loader_path/Frameworks",
				);
				PRODUCT_BUNDLE_IDENTIFIER = ht.mvvmDemoTests;
				PRODUCT_NAME = "$(TARGET_NAME)";
				TARGETED_DEVICE_FAMILY = "1,2";
				TEST_HOST = "$(BUILT_PRODUCTS_DIR)/mvvmDemo.app/mvvmDemo";
			};
			name = Debug;
		};
		C2153D2E23ED3E5D0071BD0B /* Release */ = {
			isa = XCBuildConfiguration;
			baseConfigurationReference = 924FF92F52D4AB33D89DF7A5 /* Pods-mvvmDemoTests.release.xcconfig */;
			buildSettings = {
				BUNDLE_LOADER = "$(TEST_HOST)";
				CODE_SIGN_STYLE = Automatic;
				DEVELOPMENT_TEAM = PTUCTZC4VF;
				INFOPLIST_FILE = mvvmDemoTests/Info.plist;
				IPHONEOS_DEPLOYMENT_TARGET = 13.1;
				LD_RUNPATH_SEARCH_PATHS = (
					"$(inherited)",
					"@executable_path/Frameworks",
					"@loader_path/Frameworks",
				);
				PRODUCT_BUNDLE_IDENTIFIER = ht.mvvmDemoTests;
				PRODUCT_NAME = "$(TARGET_NAME)";
				TARGETED_DEVICE_FAMILY = "1,2";
				TEST_HOST = "$(BUILT_PRODUCTS_DIR)/mvvmDemo.app/mvvmDemo";
			};
			name = Release;
		};
		C2153D3023ED3E5D0071BD0B /* Debug */ = {
			isa = XCBuildConfiguration;
			baseConfigurationReference = 533BB845A4A75F9FA0B3C5CF /* Pods-mvvmDemo-mvvmDemoUITests.debug.xcconfig */;
			buildSettings = {
				CODE_SIGN_STYLE = Automatic;
				DEVELOPMENT_TEAM = PTUCTZC4VF;
				INFOPLIST_FILE = mvvmDemoUITests/Info.plist;
				LD_RUNPATH_SEARCH_PATHS = (
					"$(inherited)",
					"@executable_path/Frameworks",
					"@loader_path/Frameworks",
				);
				PRODUCT_BUNDLE_IDENTIFIER = ht.mvvmDemoUITests;
				PRODUCT_NAME = "$(TARGET_NAME)";
				TARGETED_DEVICE_FAMILY = "1,2";
				TEST_TARGET_NAME = mvvmDemo;
			};
			name = Debug;
		};
		C2153D3123ED3E5D0071BD0B /* Release */ = {
			isa = XCBuildConfiguration;
			baseConfigurationReference = 2CFF63F8F9754336300F3322 /* Pods-mvvmDemo-mvvmDemoUITests.release.xcconfig */;
			buildSettings = {
				CODE_SIGN_STYLE = Automatic;
				DEVELOPMENT_TEAM = PTUCTZC4VF;
				INFOPLIST_FILE = mvvmDemoUITests/Info.plist;
				LD_RUNPATH_SEARCH_PATHS = (
					"$(inherited)",
					"@executable_path/Frameworks",
					"@loader_path/Frameworks",
				);
				PRODUCT_BUNDLE_IDENTIFIER = ht.mvvmDemoUITests;
				PRODUCT_NAME = "$(TARGET_NAME)";
				TARGETED_DEVICE_FAMILY = "1,2";
				TEST_TARGET_NAME = mvvmDemo;
			};
			name = Release;
		};
/* End XCBuildConfiguration section */

/* Begin XCConfigurationList section */
		C2153CF523ED3E570071BD0B /* Build configuration list for PBXProject "mvvmDemo" */ = {
			isa = XCConfigurationList;
			buildConfigurations = (
				C2153D2723ED3E5D0071BD0B /* Debug */,
				C2153D2823ED3E5D0071BD0B /* Release */,
			);
			defaultConfigurationIsVisible = 0;
			defaultConfigurationName = Release;
		};
		C2153D2923ED3E5D0071BD0B /* Build configuration list for PBXNativeTarget "mvvmDemo" */ = {
			isa = XCConfigurationList;
			buildConfigurations = (
				C2153D2A23ED3E5D0071BD0B /* Debug */,
				C2153D2B23ED3E5D0071BD0B /* Release */,
			);
			defaultConfigurationIsVisible = 0;
			defaultConfigurationName = Release;
		};
		C2153D2C23ED3E5D0071BD0B /* Build configuration list for PBXNativeTarget "mvvmDemoTests" */ = {
			isa = XCConfigurationList;
			buildConfigurations = (
				C2153D2D23ED3E5D0071BD0B /* Debug */,
				C2153D2E23ED3E5D0071BD0B /* Release */,
			);
			defaultConfigurationIsVisible = 0;
			defaultConfigurationName = Release;
		};
		C2153D2F23ED3E5D0071BD0B /* Build configuration list for PBXNativeTarget "mvvmDemoUITests" */ = {
			isa = XCConfigurationList;
			buildConfigurations = (
				C2153D3023ED3E5D0071BD0B /* Debug */,
				C2153D3123ED3E5D0071BD0B /* Release */,
			);
			defaultConfigurationIsVisible = 0;
			defaultConfigurationName = Release;
		};
/* End XCConfigurationList section */
	};
	rootObject = C2153CF223ED3E570071BD0B /* Project object */;
}
